{
  "name": "wowok",
  "version": "1.5.51",
  "lockfileVersion": 3,
  "requires": true,
  "packages": {
    "": {
      "name": "wowok",
      "version": "1.5.51",
      "license": "Apache-2.0",
      "dependencies": {
        "@mysten/bcs": "^0.11.1",
        "@mysten/sui": "^1.7.0"
      },
      "devDependencies": {
        "@types/node": "^20.12.12",
        "tsx": "^4.7.1"
      }
    },
    "node_modules/@0no-co/graphql.web": {
      "version": "1.0.7",
      "resolved": "https://registry.npmmirror.com/@0no-co/graphql.web/-/graphql.web-1.0.7.tgz",
      "integrity": "sha512-E3Qku4mTzdrlwVWGPxklDnME5ANrEGetvYw4i2GCRlppWXXE4QD66j7pwb8HelZwS6LnqEChhrSOGCXpbiu6MQ==",
      "peerDependencies": {
        "graphql": "^14.0.0 || ^15.0.0 || ^16.0.0"
      },
      "peerDependenciesMeta": {
        "graphql": {
          "optional": true
        }
      }
    },
    "node_modules/@0no-co/graphqlsp": {
      "version": "1.12.13",
      "resolved": "https://registry.npmmirror.com/@0no-co/graphqlsp/-/graphqlsp-1.12.13.tgz",
      "integrity": "sha512-/C9yXft+mq+VdoniBgWvA+iK5X6cB50KKThg1je4bFIhhBNccLJlNbWFxOglXseKuisq+h5oIY4ELTVKs6GhRQ==",
      "dependencies": {
        "@gql.tada/internal": "^1.0.0",
        "graphql": "^15.5.0 || ^16.0.0 || ^17.0.0"
      },
      "peerDependencies": {
        "graphql": "^15.5.0 || ^16.0.0 || ^17.0.0",
        "typescript": "^5.0.0"
      }
    },
    "node_modules/@gql.tada/cli-utils": {
      "version": "1.6.1",
      "resolved": "https://registry.npmmirror.com/@gql.tada/cli-utils/-/cli-utils-1.6.1.tgz",
      "integrity": "sha512-ZfYa5+rbK51c6ociTUL66qW1lyB9dXoAKNZMEAp2pWgPp16qZVBwopUaYxSKq4BML9eSiv0ocoJ7H6VW51ud7w==",
      "dependencies": {
        "@0no-co/graphqlsp": "^1.12.13",
        "@gql.tada/internal": "1.0.7",
        "graphql": "^15.5.0 || ^16.0.0 || ^17.0.0"
      },
      "peerDependencies": {
        "@0no-co/graphqlsp": "^1.12.13",
        "@gql.tada/svelte-support": "1.0.1",
        "@gql.tada/vue-support": "1.0.1",
        "graphql": "^15.5.0 || ^16.0.0 || ^17.0.0",
        "typescript": "^5.0.0"
      },
      "peerDependenciesMeta": {
        "@gql.tada/svelte-support": {
          "optional": true
        },
        "@gql.tada/vue-support": {
          "optional": true
        }
      }
    },
    "node_modules/@gql.tada/internal": {
      "version": "1.0.7",
      "resolved": "https://registry.npmmirror.com/@gql.tada/internal/-/internal-1.0.7.tgz",
      "integrity": "sha512-mI/7l7If7YR4rBlgnkXihh1qxD7eO41o8nf5ZYjwYl4s6FGFQFZY1E1reV3AgRy8tDXbiuMz1bIVLpnxPXxKIQ==",
      "dependencies": {
        "@0no-co/graphql.web": "^1.0.5"
      },
      "peerDependencies": {
        "graphql": "^15.5.0 || ^16.0.0 || ^17.0.0",
        "typescript": "^5.0.0"
      }
    },
    "node_modules/@graphql-typed-document-node/core": {
      "version": "3.2.0",
      "resolved": "https://registry.npmmirror.com/@graphql-typed-document-node/core/-/core-3.2.0.tgz",
      "integrity": "sha512-mB9oAsNCm9aM3/SOv4YtBMqZbYj10R7dkq8byBqxGY/ncFwhf2oQzMV+LCRlWoDSEBJ3COiR1yeDvMtsoOsuFQ==",
      "peerDependencies": {
        "graphql": "^0.8.0 || ^0.9.0 || ^0.10.0 || ^0.11.0 || ^0.12.0 || ^0.13.0 || ^14.0.0 || ^15.0.0 || ^16.0.0 || ^17.0.0"
      }
    },
    "node_modules/@mysten/bcs": {
      "version": "0.11.1",
      "resolved": "https://registry.npmmirror.com/@mysten/bcs/-/bcs-0.11.1.tgz",
      "integrity": "sha512-xP85isNSYUCHd3O/g+TmZYmg4wK6cU8q/n/MebkIGP4CYVJZz2wU/G24xIZ3wI+0iTop4dfgA5kYrg/DQKCUzA==",
      "dependencies": {
        "bs58": "^5.0.0"
      }
    },
    "node_modules/@mysten/sui": {
      "version": "1.7.0",
      "resolved": "https://registry.npmmirror.com/@mysten/sui/-/sui-1.7.0.tgz",
      "integrity": "sha512-g88beCeYH7WVZbNW541j+Vusdxn1yd9X9TiQ8kGHbXKNIPFmc0Pf26kPwlAVnCbXslFflUgN6q4CWpAsBUIA3A==",
      "dependencies": {
        "@graphql-typed-document-node/core": "^3.2.0",
        "@mysten/bcs": "1.0.4",
        "@noble/curves": "^1.4.2",
        "@noble/hashes": "^1.4.0",
        "@scure/bip32": "^1.4.0",
        "@scure/bip39": "^1.3.0",
        "@suchipi/femver": "^1.0.0",
        "bech32": "^2.0.0",
        "gql.tada": "^1.8.2",
        "graphql": "^16.9.0",
        "tweetnacl": "^1.0.3",
        "valibot": "^0.36.0"
      },
      "engines": {
        "node": ">=18"
      }
    },
    "node_modules/@mysten/sui/node_modules/@mysten/bcs": {
      "version": "1.0.4",
      "resolved": "https://registry.npmmirror.com/@mysten/bcs/-/bcs-1.0.4.tgz",
      "integrity": "sha512-6JoQi59GN/dVEBCNq8Rj4uOR0niDrJqDx/2gNQWXANwJakHIGH0AMniHrXP41B2dF+mZ3HVmh9Hi3otiEVQTrQ==",
      "dependencies": {
        "bs58": "^6.0.0"
      }
    },
    "node_modules/@mysten/sui/node_modules/base-x": {
      "version": "5.0.0",
      "resolved": "https://registry.npmmirror.com/base-x/-/base-x-5.0.0.tgz",
      "integrity": "sha512-sMW3VGSX1QWVFA6l8U62MLKz29rRfpTlYdCqLdpLo1/Yd4zZwSbnUaDfciIAowAqvq7YFnWq9hrhdg1KYgc1lQ=="
    },
    "node_modules/@mysten/sui/node_modules/bs58": {
      "version": "6.0.0",
      "resolved": "https://registry.npmmirror.com/bs58/-/bs58-6.0.0.tgz",
      "integrity": "sha512-PD0wEnEYg6ijszw/u8s+iI3H17cTymlrwkKhDhPZq+Sokl3AU4htyBFTjAeNAlCCmg0f53g6ih3jATyCKftTfw==",
      "dependencies": {
        "base-x": "^5.0.0"
      }
    },
    "node_modules/@noble/curves": {
      "version": "1.5.0",
      "resolved": "https://registry.npmmirror.com/@noble/curves/-/curves-1.5.0.tgz",
      "integrity": "sha512-J5EKamIHnKPyClwVrzmaf5wSdQXgdHcPZIZLu3bwnbeCx8/7NPK5q2ZBWF+5FvYGByjiQQsJYX6jfgB2wDPn3A==",
      "dependencies": {
        "@noble/hashes": "1.4.0"
      },
      "funding": {
        "url": "https://paulmillr.com/funding/"
      }
    },
    "node_modules/@noble/hashes": {
      "version": "1.4.0",
      "resolved": "https://registry.npmmirror.com/@noble/hashes/-/hashes-1.4.0.tgz",
      "integrity": "sha512-V1JJ1WTRUqHHrOSh597hURcMqVKVGL/ea3kv0gSnEdsEZ0/+VyPghM1lMNGc00z7CIQorSvbKpuJkxvuHbvdbg==",
      "engines": {
        "node": ">= 16"
      },
      "funding": {
        "url": "https://paulmillr.com/funding/"
      }
    },
    "node_modules/@scure/base": {
      "version": "1.1.7",
      "resolved": "https://registry.npmmirror.com/@scure/base/-/base-1.1.7.tgz",
      "integrity": "sha512-PPNYBslrLNNUQ/Yad37MHYsNQtK67EhWb6WtSvNLLPo7SdVZgkUjD6Dg+5On7zNwmskf8OX7I7Nx5oN+MIWE0g==",
      "funding": {
        "url": "https://paulmillr.com/funding/"
      }
    },
    "node_modules/@scure/bip32": {
      "version": "1.4.0",
      "resolved": "https://registry.npmmirror.com/@scure/bip32/-/bip32-1.4.0.tgz",
      "integrity": "sha512-sVUpc0Vq3tXCkDGYVWGIZTRfnvu8LoTDaev7vbwh0omSvVORONr960MQWdKqJDCReIEmTj3PAr73O3aoxz7OPg==",
      "dependencies": {
        "@noble/curves": "~1.4.0",
        "@noble/hashes": "~1.4.0",
        "@scure/base": "~1.1.6"
      },
      "funding": {
        "url": "https://paulmillr.com/funding/"
      }
    },
    "node_modules/@scure/bip32/node_modules/@noble/curves": {
      "version": "1.4.2",
      "resolved": "https://registry.npmmirror.com/@noble/curves/-/curves-1.4.2.tgz",
      "integrity": "sha512-TavHr8qycMChk8UwMld0ZDRvatedkzWfH8IiaeGCfymOP5i0hSCozz9vHOL0nkwk7HRMlFnAiKpS2jrUmSybcw==",
      "dependencies": {
        "@noble/hashes": "1.4.0"
      },
      "funding": {
        "url": "https://paulmillr.com/funding/"
      }
    },
    "node_modules/@scure/bip39": {
      "version": "1.3.0",
      "resolved": "https://registry.npmmirror.com/@scure/bip39/-/bip39-1.3.0.tgz",
      "integrity": "sha512-disdg7gHuTDZtY+ZdkmLpPCk7fxZSu3gBiEGuoC1XYxv9cGx3Z6cpTggCgW6odSOOIXCiDjuGejW+aJKCY/pIQ==",
      "dependencies": {
        "@noble/hashes": "~1.4.0",
        "@scure/base": "~1.1.6"
      },
      "funding": {
        "url": "https://paulmillr.com/funding/"
      }
    },
    "node_modules/@suchipi/femver": {
      "version": "1.0.0",
      "resolved": "https://registry.npmmirror.com/@suchipi/femver/-/femver-1.0.0.tgz",
      "integrity": "sha512-bprE8+K5V+DPX7q2e2K57ImqNBdfGHDIWaGI5xHxZoxbKOuQZn4wzPiUxOAHnsUr3w3xHrWXwN7gnG/iIuEMIg=="
    },
    "node_modules/@types/node": {
      "version": "20.12.12",
      "resolved": "https://registry.npmjs.org/@types/node/-/node-20.12.12.tgz",
      "integrity": "sha512-eWLDGF/FOSPtAvEqeRAQ4C8LSA7M1I7i0ky1I8U7kD1J5ITyW3AsRhQrKVoWf5pFKZ2kILsEGJhsI9r93PYnOw==",
      "dev": true,
      "dependencies": {
        "undici-types": "~5.26.4"
      }
    },
    "node_modules/base-x": {
      "version": "4.0.0",
      "resolved": "https://registry.npmmirror.com/base-x/-/base-x-4.0.0.tgz",
      "integrity": "sha512-FuwxlW4H5kh37X/oW59pwTzzTKRzfrrQwhmyspRM7swOEZcHtDZSCt45U6oKgtuFE+WYPblePMVIPR4RZrh/hw=="
    },
    "node_modules/bech32": {
      "version": "2.0.0",
      "resolved": "https://registry.npmmirror.com/bech32/-/bech32-2.0.0.tgz",
      "integrity": "sha512-LcknSilhIGatDAsY1ak2I8VtGaHNhgMSYVxFrGLXv+xLHytaKZKcaUJJUE7qmBr7h33o5YQwP55pMI0xmkpJwg=="
    },
    "node_modules/bs58": {
      "version": "5.0.0",
      "resolved": "https://registry.npmmirror.com/bs58/-/bs58-5.0.0.tgz",
      "integrity": "sha512-r+ihvQJvahgYT50JD05dyJNKlmmSlMoOGwn1lCcEzanPglg7TxYjioQUYehQ9mAR/+hOSd2jRc/Z2y5UxBymvQ==",
      "dependencies": {
        "base-x": "^4.0.0"
      }
    },
    "node_modules/get-tsconfig": {
      "version": "4.7.2",
      "dev": true,
      "license": "MIT",
      "dependencies": {
        "resolve-pkg-maps": "^1.0.0"
      },
      "funding": {
        "url": "https://github.com/privatenumber/get-tsconfig?sponsor=1"
      }
    },
    "node_modules/gql.tada": {
      "version": "1.8.6",
      "resolved": "https://registry.npmmirror.com/gql.tada/-/gql.tada-1.8.6.tgz",
      "integrity": "sha512-XyN/BkZVEJ5kxgK8oDjHluLwXBLdlUO6P4+u/AmYfknFDj5M5AnaZMm3pntMDO9tpaaEczy9pfXDEJ6tYuTlyA==",
      "dependencies": {
        "@0no-co/graphql.web": "^1.0.5",
        "@0no-co/graphqlsp": "^1.12.13",
        "@gql.tada/cli-utils": "1.6.1",
        "@gql.tada/internal": "1.0.7"
      },
      "bin": {
        "gql-tada": "bin/cli.js",
        "gql.tada": "bin/cli.js"
      },
      "peerDependencies": {
        "typescript": "^5.0.0"
      }
    },
    "node_modules/graphql": {
      "version": "16.9.0",
      "resolved": "https://registry.npmmirror.com/graphql/-/graphql-16.9.0.tgz",
      "integrity": "sha512-GGTKBX4SD7Wdb8mqeDLni2oaRGYQWjWHGKPQ24ZMnUtKfcsVoiv4uX8+LJr1K6U5VW2Lu1BwJnj7uiori0YtRw==",
      "engines": {
        "node": "^12.22.0 || ^14.16.0 || ^16.0.0 || >=17.0.0"
      }
    },
    "node_modules/resolve-pkg-maps": {
      "version": "1.0.0",
      "dev": true,
      "license": "MIT",
      "funding": {
        "url": "https://github.com/privatenumber/resolve-pkg-maps?sponsor=1"
      }
    },
    "node_modules/tsx": {
      "version": "4.7.1",
      "dev": true,
      "license": "MIT",
      "dependencies": {
        "esbuild": "~0.19.10",
        "get-tsconfig": "^4.7.2"
      },
      "bin": {
        "tsx": "dist/cli.mjs"
      },
      "engines": {
        "node": ">=18.0.0"
      },
      "optionalDependencies": {
        "fsevents": "~2.3.3"
      }
    },
    "node_modules/tsx/node_modules/@esbuild/win32-x64": {
      "version": "0.19.12",
      "cpu": [
        "x64"
      ],
      "dev": true,
      "license": "MIT",
      "optional": true,
      "os": [
        "win32"
      ],
      "engines": {
        "node": ">=12"
      }
    },
    "node_modules/tsx/node_modules/esbuild": {
      "version": "0.19.12",
      "dev": true,
      "hasInstallScript": true,
      "license": "MIT",
      "bin": {
        "esbuild": "bin/esbuild"
      },
      "engines": {
        "node": ">=12"
      },
      "optionalDependencies": {
        "@esbuild/aix-ppc64": "0.19.12",
        "@esbuild/android-arm": "0.19.12",
        "@esbuild/android-arm64": "0.19.12",
        "@esbuild/android-x64": "0.19.12",
        "@esbuild/darwin-arm64": "0.19.12",
        "@esbuild/darwin-x64": "0.19.12",
        "@esbuild/freebsd-arm64": "0.19.12",
        "@esbuild/freebsd-x64": "0.19.12",
        "@esbuild/linux-arm": "0.19.12",
        "@esbuild/linux-arm64": "0.19.12",
        "@esbuild/linux-ia32": "0.19.12",
        "@esbuild/linux-loong64": "0.19.12",
        "@esbuild/linux-mips64el": "0.19.12",
        "@esbuild/linux-ppc64": "0.19.12",
        "@esbuild/linux-riscv64": "0.19.12",
        "@esbuild/linux-s390x": "0.19.12",
        "@esbuild/linux-x64": "0.19.12",
        "@esbuild/netbsd-x64": "0.19.12",
        "@esbuild/openbsd-x64": "0.19.12",
        "@esbuild/sunos-x64": "0.19.12",
        "@esbuild/win32-arm64": "0.19.12",
        "@esbuild/win32-ia32": "0.19.12",
        "@esbuild/win32-x64": "0.19.12"
      }
    },
    "node_modules/tweetnacl": {
      "version": "1.0.3",
      "resolved": "https://registry.npmmirror.com/tweetnacl/-/tweetnacl-1.0.3.tgz",
      "integrity": "sha512-6rt+RN7aOi1nGMyC4Xa5DdYiukl2UWCbcJft7YhxReBGQD7OAM8Pbxw6YMo4r2diNEA8FEmu32YOn9rhaiE5yw=="
    },
    "node_modules/undici-types": {
      "version": "5.26.5",
      "resolved": "https://registry.npmjs.org/undici-types/-/undici-types-5.26.5.tgz",
      "integrity": "sha512-JlCMO+ehdEIKqlFxk6IfVoAUVmgz7cU7zD/h9XZ0qzeosSHmUJVOzSQvvYSYWXkFXC+IfLKSIffhv0sVZup6pA==",
      "dev": true
    },
    "node_modules/valibot": {
      "version": "0.36.0",
      "resolved": "https://registry.npmmirror.com/valibot/-/valibot-0.36.0.tgz",
      "integrity": "sha512-CjF1XN4sUce8sBK9TixrDqFM7RwNkuXdJu174/AwmQUB62QbCQADg5lLe8ldBalFgtj1uKj+pKwDJiNo4Mn+eQ=="
    }
  }
}
